{
  "version": 4,
  "terraform_version": "0.12.5",
  "serial": 12,
  "lineage": "10518ce1-dcf4-c5be-3d15-5e758f45ea70",
  "outputs": {},
  "resources": [
    {
      "mode": "managed",
      "type": "aws_s3_bucket",
      "name": "terraform-state-storage-s3",
      "provider": "provider.aws",
      "instances": [
        {
          "schema_version": 0,
          "attributes": {
            "acceleration_status": "",
            "acl": "private",
            "arn": "arn:aws:s3:::lw-candidate-devops-test",
            "bucket": "lw-candidate-devops-test",
            "bucket_domain_name": "lw-candidate-devops-test.s3.amazonaws.com",
            "bucket_prefix": null,
            "bucket_regional_domain_name": "lw-candidate-devops-test.s3.eu-west-1.amazonaws.com",
            "cors_rule": [],
            "force_destroy": false,
            "hosted_zone_id": "Z1BKCTXD74EZPE",
            "id": "lw-candidate-devops-test",
            "lifecycle_rule": [],
            "logging": [],
            "object_lock_configuration": [],
            "policy": null,
            "region": "eu-west-1",
            "replication_configuration": [],
            "request_payer": "BucketOwner",
            "server_side_encryption_configuration": [],
            "tags": {},
            "versioning": [
              {
                "enabled": false,
                "mfa_delete": false
              }
            ],
            "website": [],
            "website_domain": null,
            "website_endpoint": null
          }
        }
      ]
    }
  ]
}
